{
  "pins" : [
    {
      "identity" : "chartview",
      "kind" : "remoteSourceControl",
      "location" : "https://github.com/AppPear/ChartView",
      "state" : {
        "revision" : "9115a992c91fa19cbb4f2241084240d38654a1fc",
        "version" : "1.5.5"
      }
    },
    {
      "identity" : "partialsheet",
      "kind" : "remoteSourceControl",
      "location" : "https://github.com/AndreaMiotto/PartialSheet",
      "state" : {
        "revision" : "318f18bfabd2b2ddf785babd2e53bd593c00a254",
        "version" : "3.1.0"
      }
    },
    {
      "identity" : "swiftsoup",
      "kind" : "remoteSourceControl",
      "location" : "https://github.com/scinfu/SwiftSoup",
      "state" : {
        "revision" : "6778575285177365cbad3e5b8a72f2a20583cfec",
        "version" : "2.4.3"
      }
    }
  ],
  "version" : 2
}
